
Microsoft Visual Studio Solution File, Format Version 12.00
# Visual Studio Version 17
VisualStudioVersion = 17.0.31912.275
MinimumVisualStudioVersion = 10.0.40219.1
Project("{2150E333-8FDC-42A3-9474-1A3956D46DE8}") = "Shared", "Shared", "{1E8244EE-D80C-49D7-875C-FF0CEAB78F33}"
EndProject
Project("{9A19103F-16F7-4668-BE54-9A1E7A4F7556}") = "AM.Services.Market", "services\.net\AM.Services.Market\AM.Services.Market.csproj", "{B88D3467-65F4-4292-8D6F-64A88139BA45}"
EndProject
Project("{9A19103F-16F7-4668-BE54-9A1E7A4F7556}") = "AM.Services.Recommendations", "services\.net\AM.Services.Recommendations\AM.Services.Recommendations.csproj", "{4230FF4E-0375-45A4-9BEA-2C55B95E4EF9}"
EndProject
Project("{9A19103F-16F7-4668-BE54-9A1E7A4F7556}") = "Shared.Contracts", "shared\.net\Shared.Contracts\Shared.Contracts.csproj", "{BEAAA694-5963-492F-BEF6-797B2807E96C}"
EndProject
Project("{2150E333-8FDC-42A3-9474-1A3956D46DE8}") = "Services", "Services", "{20559BDB-52ED-453B-B68B-7D983ED7AA1E}"
EndProject
Project("{2150E333-8FDC-42A3-9474-1A3956D46DE8}") = "Portfolio", "Portfolio", "{F70A6FED-A73D-4507-AECC-E01FC722A89B}"
EndProject
Project("{9A19103F-16F7-4668-BE54-9A1E7A4F7556}") = "AM.Services.Portfolio.Host", "services\.net\Portfolio\Host\AM.Services.Portfolio.Host.csproj", "{84A39FBC-CA5A-47DE-B3FC-03F974442CF8}"
EndProject
Project("{9A19103F-16F7-4668-BE54-9A1E7A4F7556}") = "AM.Services.Portfolio.Core", "services\.net\Portfolio\Core\AssetsManagement.Services.Portfolio.Core\AM.Services.Portfolio.Core.csproj", "{231C324C-39AE-47D6-837A-127B8FDC1990}"
EndProject
Project("{9A19103F-16F7-4668-BE54-9A1E7A4F7556}") = "AM.Services.Portfolio.Infrastructure", "services\.net\Portfolio\Infrastructure\AssetsManagement.Services.Portfolio.Infrastructure\AM.Services.Portfolio.Infrastructure.csproj", "{A5427006-B0D7-44A3-9AB5-A45A8148FF1D}"
EndProject
Project("{9A19103F-16F7-4668-BE54-9A1E7A4F7556}") = "Shared.Extensions", "shared\.net\Shared.Extensions\Shared.Extensions.csproj", "{261FA76D-1B39-4D5F-B1E7-07910AFACCD8}"
EndProject
Project("{2150E333-8FDC-42A3-9474-1A3956D46DE8}") = "Common", "Common", "{2A9F2721-A930-431B-9A54-B04E842C3D48}"
EndProject
Project("{9A19103F-16F7-4668-BE54-9A1E7A4F7556}") = "AM.Services.Common.Contracts", "services\.net\Common\Contracts\AM.Services.Common.Contracts.csproj", "{C705F731-D54F-480C-A5CD-26CBF3078A05}"
EndProject
Project("{9A19103F-16F7-4668-BE54-9A1E7A4F7556}") = "Shared.Exceptions", "shared\.net\Shared.Exceptions\Shared.Exceptions.csproj", "{A48B19ED-2EE4-4228-A156-74863D265766}"
EndProject
Project("{9A19103F-16F7-4668-BE54-9A1E7A4F7556}") = "Shared.Frameworks", "shared\.net\Shared.Frameworks\Shared.Frameworks.csproj", "{FD455451-4B83-4DEC-8F50-329E3C7F7BD4}"
EndProject
Project("{9A19103F-16F7-4668-BE54-9A1E7A4F7556}") = "Shared.Attributes", "shared\.net\Shared.Attributes\Shared.Attributes.csproj", "{C25430DB-B1D1-4BDC-9337-14D1804C7EC9}"
EndProject
Project("{9A19103F-16F7-4668-BE54-9A1E7A4F7556}") = "Shared.Background", "shared\.net\Shared.Background\Shared.Background.csproj", "{614E4352-F581-4791-85D6-6856B80E5259}"
EndProject
Project("{9A19103F-16F7-4668-BE54-9A1E7A4F7556}") = "Shared.Data", "shared\.net\Shared.Data\Shared.Data.csproj", "{B2984C9B-3EC9-41ED-8D64-ADF0481141A6}"
EndProject
Project("{9A19103F-16F7-4668-BE54-9A1E7A4F7556}") = "Shared.MessagesQueue", "shared\.net\Shared.MessagesQueue\Shared.MessagesQueue.csproj", "{614E27B9-D9E4-44E7-9EAE-8C02D9D3467F}"
EndProject
Project("{9A19103F-16F7-4668-BE54-9A1E7A4F7556}") = "Shared.Persistense", "shared\.net\Shared.Persistense\Shared.Persistense.csproj", "{AEDD9871-6858-4A2E-9EE8-48023085FBE8}"
EndProject
Project("{9A19103F-16F7-4668-BE54-9A1E7A4F7556}") = "Shared.Web", "shared\.net\Shared.Web\Shared.Web.csproj", "{AC88D58B-4137-4F09-B50A-FE12F554E1C8}"
EndProject
Global
	GlobalSection(SolutionConfigurationPlatforms) = preSolution
		Debug|Any CPU = Debug|Any CPU
		Release|Any CPU = Release|Any CPU
	EndGlobalSection
	GlobalSection(ProjectConfigurationPlatforms) = postSolution
		{B88D3467-65F4-4292-8D6F-64A88139BA45}.Debug|Any CPU.ActiveCfg = Debug|Any CPU
		{B88D3467-65F4-4292-8D6F-64A88139BA45}.Debug|Any CPU.Build.0 = Debug|Any CPU
		{B88D3467-65F4-4292-8D6F-64A88139BA45}.Release|Any CPU.ActiveCfg = Release|Any CPU
		{B88D3467-65F4-4292-8D6F-64A88139BA45}.Release|Any CPU.Build.0 = Release|Any CPU
		{4230FF4E-0375-45A4-9BEA-2C55B95E4EF9}.Debug|Any CPU.ActiveCfg = Debug|Any CPU
		{4230FF4E-0375-45A4-9BEA-2C55B95E4EF9}.Debug|Any CPU.Build.0 = Debug|Any CPU
		{4230FF4E-0375-45A4-9BEA-2C55B95E4EF9}.Release|Any CPU.ActiveCfg = Release|Any CPU
		{4230FF4E-0375-45A4-9BEA-2C55B95E4EF9}.Release|Any CPU.Build.0 = Release|Any CPU
		{BEAAA694-5963-492F-BEF6-797B2807E96C}.Debug|Any CPU.ActiveCfg = Debug|Any CPU
		{BEAAA694-5963-492F-BEF6-797B2807E96C}.Debug|Any CPU.Build.0 = Debug|Any CPU
		{BEAAA694-5963-492F-BEF6-797B2807E96C}.Release|Any CPU.ActiveCfg = Release|Any CPU
		{BEAAA694-5963-492F-BEF6-797B2807E96C}.Release|Any CPU.Build.0 = Release|Any CPU
		{84A39FBC-CA5A-47DE-B3FC-03F974442CF8}.Debug|Any CPU.ActiveCfg = Debug|Any CPU
		{84A39FBC-CA5A-47DE-B3FC-03F974442CF8}.Debug|Any CPU.Build.0 = Debug|Any CPU
		{84A39FBC-CA5A-47DE-B3FC-03F974442CF8}.Release|Any CPU.ActiveCfg = Release|Any CPU
		{84A39FBC-CA5A-47DE-B3FC-03F974442CF8}.Release|Any CPU.Build.0 = Release|Any CPU
		{231C324C-39AE-47D6-837A-127B8FDC1990}.Debug|Any CPU.ActiveCfg = Debug|Any CPU
		{231C324C-39AE-47D6-837A-127B8FDC1990}.Debug|Any CPU.Build.0 = Debug|Any CPU
		{231C324C-39AE-47D6-837A-127B8FDC1990}.Release|Any CPU.ActiveCfg = Release|Any CPU
		{231C324C-39AE-47D6-837A-127B8FDC1990}.Release|Any CPU.Build.0 = Release|Any CPU
		{A5427006-B0D7-44A3-9AB5-A45A8148FF1D}.Debug|Any CPU.ActiveCfg = Debug|Any CPU
		{A5427006-B0D7-44A3-9AB5-A45A8148FF1D}.Debug|Any CPU.Build.0 = Debug|Any CPU
		{A5427006-B0D7-44A3-9AB5-A45A8148FF1D}.Release|Any CPU.ActiveCfg = Release|Any CPU
		{A5427006-B0D7-44A3-9AB5-A45A8148FF1D}.Release|Any CPU.Build.0 = Release|Any CPU
		{261FA76D-1B39-4D5F-B1E7-07910AFACCD8}.Debug|Any CPU.ActiveCfg = Debug|Any CPU
		{261FA76D-1B39-4D5F-B1E7-07910AFACCD8}.Debug|Any CPU.Build.0 = Debug|Any CPU
		{261FA76D-1B39-4D5F-B1E7-07910AFACCD8}.Release|Any CPU.ActiveCfg = Release|Any CPU
		{261FA76D-1B39-4D5F-B1E7-07910AFACCD8}.Release|Any CPU.Build.0 = Release|Any CPU
		{C705F731-D54F-480C-A5CD-26CBF3078A05}.Debug|Any CPU.ActiveCfg = Debug|Any CPU
		{C705F731-D54F-480C-A5CD-26CBF3078A05}.Debug|Any CPU.Build.0 = Debug|Any CPU
		{C705F731-D54F-480C-A5CD-26CBF3078A05}.Release|Any CPU.ActiveCfg = Release|Any CPU
		{C705F731-D54F-480C-A5CD-26CBF3078A05}.Release|Any CPU.Build.0 = Release|Any CPU
		{A48B19ED-2EE4-4228-A156-74863D265766}.Debug|Any CPU.ActiveCfg = Debug|Any CPU
		{A48B19ED-2EE4-4228-A156-74863D265766}.Debug|Any CPU.Build.0 = Debug|Any CPU
		{A48B19ED-2EE4-4228-A156-74863D265766}.Release|Any CPU.ActiveCfg = Release|Any CPU
		{A48B19ED-2EE4-4228-A156-74863D265766}.Release|Any CPU.Build.0 = Release|Any CPU
		{FD455451-4B83-4DEC-8F50-329E3C7F7BD4}.Debug|Any CPU.ActiveCfg = Debug|Any CPU
		{FD455451-4B83-4DEC-8F50-329E3C7F7BD4}.Debug|Any CPU.Build.0 = Debug|Any CPU
		{FD455451-4B83-4DEC-8F50-329E3C7F7BD4}.Release|Any CPU.ActiveCfg = Release|Any CPU
		{FD455451-4B83-4DEC-8F50-329E3C7F7BD4}.Release|Any CPU.Build.0 = Release|Any CPU
		{C25430DB-B1D1-4BDC-9337-14D1804C7EC9}.Debug|Any CPU.ActiveCfg = Debug|Any CPU
		{C25430DB-B1D1-4BDC-9337-14D1804C7EC9}.Debug|Any CPU.Build.0 = Debug|Any CPU
		{C25430DB-B1D1-4BDC-9337-14D1804C7EC9}.Release|Any CPU.ActiveCfg = Release|Any CPU
		{C25430DB-B1D1-4BDC-9337-14D1804C7EC9}.Release|Any CPU.Build.0 = Release|Any CPU
		{614E4352-F581-4791-85D6-6856B80E5259}.Debug|Any CPU.ActiveCfg = Debug|Any CPU
		{614E4352-F581-4791-85D6-6856B80E5259}.Debug|Any CPU.Build.0 = Debug|Any CPU
		{614E4352-F581-4791-85D6-6856B80E5259}.Release|Any CPU.ActiveCfg = Release|Any CPU
		{614E4352-F581-4791-85D6-6856B80E5259}.Release|Any CPU.Build.0 = Release|Any CPU
		{B2984C9B-3EC9-41ED-8D64-ADF0481141A6}.Debug|Any CPU.ActiveCfg = Debug|Any CPU
		{B2984C9B-3EC9-41ED-8D64-ADF0481141A6}.Debug|Any CPU.Build.0 = Debug|Any CPU
		{B2984C9B-3EC9-41ED-8D64-ADF0481141A6}.Release|Any CPU.ActiveCfg = Release|Any CPU
		{B2984C9B-3EC9-41ED-8D64-ADF0481141A6}.Release|Any CPU.Build.0 = Release|Any CPU
		{614E27B9-D9E4-44E7-9EAE-8C02D9D3467F}.Debug|Any CPU.ActiveCfg = Debug|Any CPU
		{614E27B9-D9E4-44E7-9EAE-8C02D9D3467F}.Debug|Any CPU.Build.0 = Debug|Any CPU
		{614E27B9-D9E4-44E7-9EAE-8C02D9D3467F}.Release|Any CPU.ActiveCfg = Release|Any CPU
		{614E27B9-D9E4-44E7-9EAE-8C02D9D3467F}.Release|Any CPU.Build.0 = Release|Any CPU
		{AEDD9871-6858-4A2E-9EE8-48023085FBE8}.Debug|Any CPU.ActiveCfg = Debug|Any CPU
		{AEDD9871-6858-4A2E-9EE8-48023085FBE8}.Debug|Any CPU.Build.0 = Debug|Any CPU
		{AEDD9871-6858-4A2E-9EE8-48023085FBE8}.Release|Any CPU.ActiveCfg = Release|Any CPU
		{AEDD9871-6858-4A2E-9EE8-48023085FBE8}.Release|Any CPU.Build.0 = Release|Any CPU
		{AC88D58B-4137-4F09-B50A-FE12F554E1C8}.Debug|Any CPU.ActiveCfg = Debug|Any CPU
		{AC88D58B-4137-4F09-B50A-FE12F554E1C8}.Debug|Any CPU.Build.0 = Debug|Any CPU
		{AC88D58B-4137-4F09-B50A-FE12F554E1C8}.Release|Any CPU.ActiveCfg = Release|Any CPU
		{AC88D58B-4137-4F09-B50A-FE12F554E1C8}.Release|Any CPU.Build.0 = Release|Any CPU
	EndGlobalSection
	GlobalSection(SolutionProperties) = preSolution
		HideSolutionNode = FALSE
	EndGlobalSection
	GlobalSection(NestedProjects) = preSolution
		{BEAAA694-5963-492F-BEF6-797B2807E96C} = {1E8244EE-D80C-49D7-875C-FF0CEAB78F33}
		{F70A6FED-A73D-4507-AECC-E01FC722A89B} = {20559BDB-52ED-453B-B68B-7D983ED7AA1E}
		{84A39FBC-CA5A-47DE-B3FC-03F974442CF8} = {F70A6FED-A73D-4507-AECC-E01FC722A89B}
		{231C324C-39AE-47D6-837A-127B8FDC1990} = {F70A6FED-A73D-4507-AECC-E01FC722A89B}
		{A5427006-B0D7-44A3-9AB5-A45A8148FF1D} = {F70A6FED-A73D-4507-AECC-E01FC722A89B}
		{261FA76D-1B39-4D5F-B1E7-07910AFACCD8} = {1E8244EE-D80C-49D7-875C-FF0CEAB78F33}
		{2A9F2721-A930-431B-9A54-B04E842C3D48} = {20559BDB-52ED-453B-B68B-7D983ED7AA1E}
		{C705F731-D54F-480C-A5CD-26CBF3078A05} = {2A9F2721-A930-431B-9A54-B04E842C3D48}
		{A48B19ED-2EE4-4228-A156-74863D265766} = {1E8244EE-D80C-49D7-875C-FF0CEAB78F33}
		{FD455451-4B83-4DEC-8F50-329E3C7F7BD4} = {1E8244EE-D80C-49D7-875C-FF0CEAB78F33}
		{C25430DB-B1D1-4BDC-9337-14D1804C7EC9} = {1E8244EE-D80C-49D7-875C-FF0CEAB78F33}
		{614E4352-F581-4791-85D6-6856B80E5259} = {1E8244EE-D80C-49D7-875C-FF0CEAB78F33}
		{B2984C9B-3EC9-41ED-8D64-ADF0481141A6} = {1E8244EE-D80C-49D7-875C-FF0CEAB78F33}
		{614E27B9-D9E4-44E7-9EAE-8C02D9D3467F} = {1E8244EE-D80C-49D7-875C-FF0CEAB78F33}
		{AEDD9871-6858-4A2E-9EE8-48023085FBE8} = {1E8244EE-D80C-49D7-875C-FF0CEAB78F33}
		{AC88D58B-4137-4F09-B50A-FE12F554E1C8} = {1E8244EE-D80C-49D7-875C-FF0CEAB78F33}
	EndGlobalSection
	GlobalSection(ExtensibilityGlobals) = postSolution
		SolutionGuid = {3219412B-B648-43B4-B340-D5189D8D3B1E}
	EndGlobalSection
EndGlobal
