
Microsoft Visual Studio Solution File, Format Version 12.00
# Visual Studio Version 17
VisualStudioVersion = 17.0.31912.275
MinimumVisualStudioVersion = 10.0.40219.1
Project("{2150E333-8FDC-42A3-9474-1A3956D46DE8}") = "AM.Services.Common", "AM.Services.Common", "{01057CC0-0F4F-4AB9-9A64-224981FD159D}"
EndProject
Project("{2150E333-8FDC-42A3-9474-1A3956D46DE8}") = "Shared", "Shared", "{1E8244EE-D80C-49D7-875C-FF0CEAB78F33}"
EndProject
Project("{9A19103F-16F7-4668-BE54-9A1E7A4F7556}") = "AM.Services.Market", "services\.net\AM.Services.Market\AM.Services.Market.csproj", "{B88D3467-65F4-4292-8D6F-64A88139BA45}"
EndProject
Project("{9A19103F-16F7-4668-BE54-9A1E7A4F7556}") = "AM.Services.Portfolio", "services\.net\AM.Services.Portfolio\AM.Services.Portfolio.csproj", "{727EB301-7B92-4FA2-84B4-8AB43B007C79}"
EndProject
Project("{9A19103F-16F7-4668-BE54-9A1E7A4F7556}") = "AM.Services.Recommendations", "services\.net\AM.Services.Recommendations\AM.Services.Recommendations.csproj", "{4230FF4E-0375-45A4-9BEA-2C55B95E4EF9}"
EndProject
Project("{9A19103F-16F7-4668-BE54-9A1E7A4F7556}") = "AM.Services.Common.Contracts", "services\.net\common\AM.Services.Common.Contracts\AM.Services.Common.Contracts.csproj", "{BA7010B2-D0EA-4A92-864C-9AC5156B0E27}"
EndProject
Project("{9A19103F-16F7-4668-BE54-9A1E7A4F7556}") = "AM.Services.Common.Core", "services\.net\common\AM.Services.Common.Core\AM.Services.Common.Core.csproj", "{49E3E017-7B69-4C8C-B84F-A33254F991AD}"
EndProject
Project("{9A19103F-16F7-4668-BE54-9A1E7A4F7556}") = "Shared.Contracts", "shared\.net\Shared.Contracts\Shared.Contracts.csproj", "{BEAAA694-5963-492F-BEF6-797B2807E96C}"
EndProject
Project("{9A19103F-16F7-4668-BE54-9A1E7A4F7556}") = "AM.Services.Common.Infrastructure", "services\.net\common\AM.Services.Common.Infrastructure\AM.Services.Common.Infrastructure.csproj", "{B6FC8324-8F6E-4C7B-BAA6-4EC118B2D039}"
EndProject
Project("{9A19103F-16F7-4668-BE54-9A1E7A4F7556}") = "Shared.Infrastructure", "shared\.net\Shared.Infrastructure\Shared.Infrastructure.csproj", "{908D25AA-2C78-4C15-A653-17F43165B5C1}"
EndProject
Project("{9A19103F-16F7-4668-BE54-9A1E7A4F7556}") = "Shared.Core", "shared\.net\Shared.Core\Shared.Core.csproj", "{B3B181C3-E580-4E48-AFAB-30358750FA3B}"
EndProject
Project("{9A19103F-16F7-4668-BE54-9A1E7A4F7556}") = "Shared.Core.Abstractions", "shared\.net\Shared.Core.Abstractions\Shared.Core.Abstractions.csproj", "{A2A83274-5506-4FBE-AB98-FAD037ED31CC}"
EndProject
Project("{FAE04EC0-301F-11D3-BF4B-00C04F79EFBC}") = "Shared.Contracts.Abstractions", "shared\.net\Shared.Contracts.Abstractions\Shared.Contracts.Abstractions.csproj", "{7D2FCD92-FCAA-45D7-9729-38273DCB3069}"
EndProject
Global
	GlobalSection(SolutionConfigurationPlatforms) = preSolution
		Debug|Any CPU = Debug|Any CPU
		Release|Any CPU = Release|Any CPU
	EndGlobalSection
	GlobalSection(ProjectConfigurationPlatforms) = postSolution
		{B88D3467-65F4-4292-8D6F-64A88139BA45}.Debug|Any CPU.ActiveCfg = Debug|Any CPU
		{B88D3467-65F4-4292-8D6F-64A88139BA45}.Debug|Any CPU.Build.0 = Debug|Any CPU
		{B88D3467-65F4-4292-8D6F-64A88139BA45}.Release|Any CPU.ActiveCfg = Release|Any CPU
		{B88D3467-65F4-4292-8D6F-64A88139BA45}.Release|Any CPU.Build.0 = Release|Any CPU
		{727EB301-7B92-4FA2-84B4-8AB43B007C79}.Debug|Any CPU.ActiveCfg = Debug|Any CPU
		{727EB301-7B92-4FA2-84B4-8AB43B007C79}.Debug|Any CPU.Build.0 = Debug|Any CPU
		{727EB301-7B92-4FA2-84B4-8AB43B007C79}.Release|Any CPU.ActiveCfg = Release|Any CPU
		{727EB301-7B92-4FA2-84B4-8AB43B007C79}.Release|Any CPU.Build.0 = Release|Any CPU
		{4230FF4E-0375-45A4-9BEA-2C55B95E4EF9}.Debug|Any CPU.ActiveCfg = Debug|Any CPU
		{4230FF4E-0375-45A4-9BEA-2C55B95E4EF9}.Debug|Any CPU.Build.0 = Debug|Any CPU
		{4230FF4E-0375-45A4-9BEA-2C55B95E4EF9}.Release|Any CPU.ActiveCfg = Release|Any CPU
		{4230FF4E-0375-45A4-9BEA-2C55B95E4EF9}.Release|Any CPU.Build.0 = Release|Any CPU
		{BA7010B2-D0EA-4A92-864C-9AC5156B0E27}.Debug|Any CPU.ActiveCfg = Debug|Any CPU
		{BA7010B2-D0EA-4A92-864C-9AC5156B0E27}.Debug|Any CPU.Build.0 = Debug|Any CPU
		{BA7010B2-D0EA-4A92-864C-9AC5156B0E27}.Release|Any CPU.ActiveCfg = Release|Any CPU
		{BA7010B2-D0EA-4A92-864C-9AC5156B0E27}.Release|Any CPU.Build.0 = Release|Any CPU
		{49E3E017-7B69-4C8C-B84F-A33254F991AD}.Debug|Any CPU.ActiveCfg = Debug|Any CPU
		{49E3E017-7B69-4C8C-B84F-A33254F991AD}.Debug|Any CPU.Build.0 = Debug|Any CPU
		{49E3E017-7B69-4C8C-B84F-A33254F991AD}.Release|Any CPU.ActiveCfg = Release|Any CPU
		{49E3E017-7B69-4C8C-B84F-A33254F991AD}.Release|Any CPU.Build.0 = Release|Any CPU
		{BEAAA694-5963-492F-BEF6-797B2807E96C}.Debug|Any CPU.ActiveCfg = Debug|Any CPU
		{BEAAA694-5963-492F-BEF6-797B2807E96C}.Debug|Any CPU.Build.0 = Debug|Any CPU
		{BEAAA694-5963-492F-BEF6-797B2807E96C}.Release|Any CPU.ActiveCfg = Release|Any CPU
		{BEAAA694-5963-492F-BEF6-797B2807E96C}.Release|Any CPU.Build.0 = Release|Any CPU
		{B6FC8324-8F6E-4C7B-BAA6-4EC118B2D039}.Debug|Any CPU.ActiveCfg = Debug|Any CPU
		{B6FC8324-8F6E-4C7B-BAA6-4EC118B2D039}.Debug|Any CPU.Build.0 = Debug|Any CPU
		{B6FC8324-8F6E-4C7B-BAA6-4EC118B2D039}.Release|Any CPU.ActiveCfg = Release|Any CPU
		{B6FC8324-8F6E-4C7B-BAA6-4EC118B2D039}.Release|Any CPU.Build.0 = Release|Any CPU
		{908D25AA-2C78-4C15-A653-17F43165B5C1}.Debug|Any CPU.ActiveCfg = Debug|Any CPU
		{908D25AA-2C78-4C15-A653-17F43165B5C1}.Debug|Any CPU.Build.0 = Debug|Any CPU
		{908D25AA-2C78-4C15-A653-17F43165B5C1}.Release|Any CPU.ActiveCfg = Release|Any CPU
		{908D25AA-2C78-4C15-A653-17F43165B5C1}.Release|Any CPU.Build.0 = Release|Any CPU
		{B3B181C3-E580-4E48-AFAB-30358750FA3B}.Debug|Any CPU.ActiveCfg = Debug|Any CPU
		{B3B181C3-E580-4E48-AFAB-30358750FA3B}.Debug|Any CPU.Build.0 = Debug|Any CPU
		{B3B181C3-E580-4E48-AFAB-30358750FA3B}.Release|Any CPU.ActiveCfg = Release|Any CPU
		{B3B181C3-E580-4E48-AFAB-30358750FA3B}.Release|Any CPU.Build.0 = Release|Any CPU
		{A2A83274-5506-4FBE-AB98-FAD037ED31CC}.Debug|Any CPU.ActiveCfg = Debug|Any CPU
		{A2A83274-5506-4FBE-AB98-FAD037ED31CC}.Debug|Any CPU.Build.0 = Debug|Any CPU
		{A2A83274-5506-4FBE-AB98-FAD037ED31CC}.Release|Any CPU.ActiveCfg = Release|Any CPU
		{A2A83274-5506-4FBE-AB98-FAD037ED31CC}.Release|Any CPU.Build.0 = Release|Any CPU
		{7D2FCD92-FCAA-45D7-9729-38273DCB3069}.Debug|Any CPU.ActiveCfg = Debug|Any CPU
		{7D2FCD92-FCAA-45D7-9729-38273DCB3069}.Debug|Any CPU.Build.0 = Debug|Any CPU
		{7D2FCD92-FCAA-45D7-9729-38273DCB3069}.Release|Any CPU.ActiveCfg = Release|Any CPU
		{7D2FCD92-FCAA-45D7-9729-38273DCB3069}.Release|Any CPU.Build.0 = Release|Any CPU
	EndGlobalSection
	GlobalSection(SolutionProperties) = preSolution
		HideSolutionNode = FALSE
	EndGlobalSection
	GlobalSection(NestedProjects) = preSolution
		{BA7010B2-D0EA-4A92-864C-9AC5156B0E27} = {01057CC0-0F4F-4AB9-9A64-224981FD159D}
		{49E3E017-7B69-4C8C-B84F-A33254F991AD} = {01057CC0-0F4F-4AB9-9A64-224981FD159D}
		{BEAAA694-5963-492F-BEF6-797B2807E96C} = {1E8244EE-D80C-49D7-875C-FF0CEAB78F33}
		{B6FC8324-8F6E-4C7B-BAA6-4EC118B2D039} = {01057CC0-0F4F-4AB9-9A64-224981FD159D}
		{908D25AA-2C78-4C15-A653-17F43165B5C1} = {1E8244EE-D80C-49D7-875C-FF0CEAB78F33}
		{B3B181C3-E580-4E48-AFAB-30358750FA3B} = {1E8244EE-D80C-49D7-875C-FF0CEAB78F33}
		{A2A83274-5506-4FBE-AB98-FAD037ED31CC} = {1E8244EE-D80C-49D7-875C-FF0CEAB78F33}
		{7D2FCD92-FCAA-45D7-9729-38273DCB3069} = {1E8244EE-D80C-49D7-875C-FF0CEAB78F33}
	EndGlobalSection
	GlobalSection(ExtensibilityGlobals) = postSolution
		SolutionGuid = {3219412B-B648-43B4-B340-D5189D8D3B1E}
	EndGlobalSection
EndGlobal
