
Microsoft Visual Studio Solution File, Format Version 12.00
# Visual Studio Version 17
VisualStudioVersion = 17.0.31912.275
MinimumVisualStudioVersion = 10.0.40219.1
Project("{E53339B2-1760-4266-BCC7-CA923CBCF16C}") = "docker-compose", "docker-compose.dcproj", "{9111AFDD-A9C0-4D15-9FD4-57E16B8978F3}"
EndProject
Project("{2150E333-8FDC-42A3-9474-1A3956D46DE8}") = "Solution Items", "Solution Items", "{1FCDDC48-E8E2-4D2B-BDFF-21C353B3EC5B}"
	ProjectSection(SolutionItems) = preProject
		.editorconfig = .editorconfig
	EndProjectSection
EndProject
Project("{2150E333-8FDC-42A3-9474-1A3956D46DE8}") = "backend", "backend", "{525AF9DF-1D02-4863-BC65-9934C55053F5}"
EndProject
Project("{2150E333-8FDC-42A3-9474-1A3956D46DE8}") = "frontend", "frontend", "{B19E9AFB-70C6-4522-905D-3A95FBD45E59}"
EndProject
Project("{2150E333-8FDC-42A3-9474-1A3956D46DE8}") = "web", "web", "{4528E0CB-76DC-4658-891C-42969C8B3118}"
EndProject
Project("{2150E333-8FDC-42A3-9474-1A3956D46DE8}") = "react", "react", "{2B4918EA-280C-456C-9A26-4FBCEFDAA51D}"
EndProject
Project("{2150E333-8FDC-42A3-9474-1A3956D46DE8}") = "shared", "shared", "{0FEAE460-1C3B-42A6-8A75-1B3B9ED14B78}"
EndProject
Project("{2150E333-8FDC-42A3-9474-1A3956D46DE8}") = "services", "services", "{190412FB-CDD3-448D-AF0C-10E8F6DDA1D7}"
EndProject
Project("{2150E333-8FDC-42A3-9474-1A3956D46DE8}") = "portfolio", "portfolio", "{9AB1865F-C55D-437A-A1BD-318BA4E1AEFE}"
EndProject
Project("{2150E333-8FDC-42A3-9474-1A3956D46DE8}") = "data_analyzer", "data_analyzer", "{5EC78E9E-D44A-4E20-882B-E75715A2640C}"
EndProject
Project("{2150E333-8FDC-42A3-9474-1A3956D46DE8}") = "recommendations", "recommendations", "{68564CAF-F199-4FB8-B34C-252637CC2E06}"
EndProject
Project("{9A19103F-16F7-4668-BE54-9A1E7A4F7556}") = "Shared.Models", "shared\models\Shared.Models.csproj", "{5D6A570A-8C0D-41EA-B5A4-EFDA881ECC80}"
EndProject
Project("{9A19103F-16F7-4668-BE54-9A1E7A4F7556}") = "Shared.Exceptions", "shared\exceptions\Shared.Exceptions.csproj", "{9B5EF02B-ECAA-451A-BCAE-DF4E100C03DA}"
EndProject
Project("{9A19103F-16F7-4668-BE54-9A1E7A4F7556}") = "Shared.Frameworks", "shared\frameworks\Shared.Frameworks.csproj", "{8D9450DF-9980-447F-928E-8C959AD5260C}"
EndProject
Project("{9A19103F-16F7-4668-BE54-9A1E7A4F7556}") = "Shared.Attributes", "shared\attributes\Shared.Attributes.csproj", "{22B3F050-7B9A-4703-883A-E43FBA12940D}"
EndProject
Project("{9A19103F-16F7-4668-BE54-9A1E7A4F7556}") = "Shared.Extensions", "shared\extensions\Shared.Extensions.csproj", "{F2793749-29E6-491A-AA79-DCC02F3C0C93}"
EndProject
Project("{9A19103F-16F7-4668-BE54-9A1E7A4F7556}") = "Shared.Documents", "shared\documents\Shared.Documents.csproj", "{0153ECCF-8006-488B-937A-AA1A72BBA034}"
EndProject
Project("{9A19103F-16F7-4668-BE54-9A1E7A4F7556}") = "Shared.Web", "shared\web\Shared.Web.csproj", "{ABFCF72A-6C69-4C76-960D-CD6A58785291}"
EndProject
Project("{9A19103F-16F7-4668-BE54-9A1E7A4F7556}") = "Shared.Persistence.Abstractions", "shared\persistence.abstractions\Shared.Persistence.Abstractions.csproj", "{6445C4A5-FACB-4FB0-8DF0-F858BB426B69}"
EndProject
Project("{9A19103F-16F7-4668-BE54-9A1E7A4F7556}") = "Shared.Persistence", "shared\persistence\Shared.Persistence.csproj", "{492038B6-7C17-4F75-B894-E31A8A3ADC85}"
EndProject
Project("{9A19103F-16F7-4668-BE54-9A1E7A4F7556}") = "Shared.Background", "shared\background\Shared.Background.csproj", "{25E2CFDD-479B-46FF-8C79-4961BB0EC972}"
EndProject
Project("{9A19103F-16F7-4668-BE54-9A1E7A4F7556}") = "Shared.MQ", "shared\mq\Shared.MQ.csproj", "{DD132741-C07B-4990-8BD2-57B883272CA4}"
EndProject
Project("{9A19103F-16F7-4668-BE54-9A1E7A4F7556}") = "AM.Services.Common", "services\common\AM.Services.Common.csproj", "{FA56F818-54CA-4D40-98F5-23B01F0213B2}"
EndProject
Project("{9A19103F-16F7-4668-BE54-9A1E7A4F7556}") = "AM.Services.Portfolio.API", "services\portfolio\api\AM.Services.Portfolio.API.csproj", "{80136FB0-8A9C-4011-B99B-F84F060F6DF6}"
EndProject
Project("{9A19103F-16F7-4668-BE54-9A1E7A4F7556}") = "AM.Services.Portfolio.Infrastructure", "services\portfolio\infrastructure\AM.Services.Portfolio.Infrastructure.csproj", "{D9CA431C-F788-430C-8587-F8A09DD69886}"
EndProject
Project("{9A19103F-16F7-4668-BE54-9A1E7A4F7556}") = "AM.Services.Portfolio.Core", "services\portfolio\core\AM.Services.Portfolio.Core.csproj", "{27557CEA-1DD9-48B9-8854-EE5BF973B831}"
EndProject
Project("{9A19103F-16F7-4668-BE54-9A1E7A4F7556}") = "AM.Services.Portfolio.Worker", "services\portfolio\worker\AM.Services.Portfolio.Worker.csproj", "{509ED654-B82D-485B-BA84-084CB717D5C8}"
EndProject
Project("{9A19103F-16F7-4668-BE54-9A1E7A4F7556}") = "AM.Services.Market", "services\data_analyzer\AM.Services.Market.csproj", "{920F657E-C36E-4BB9-B852-F4312A0D7C77}"
EndProject
Project("{9A19103F-16F7-4668-BE54-9A1E7A4F7556}") = "AM.Services.Recommendations", "services\recommendations\AM.Services.Recommendations.csproj", "{4F8EDB81-757D-473F-93A4-2F837439DD45}"
EndProject
Global
	GlobalSection(SolutionConfigurationPlatforms) = preSolution
		Debug|Any CPU = Debug|Any CPU
		Release|Any CPU = Release|Any CPU
	EndGlobalSection
	GlobalSection(ProjectConfigurationPlatforms) = postSolution
		{9111AFDD-A9C0-4D15-9FD4-57E16B8978F3}.Debug|Any CPU.ActiveCfg = Debug|Any CPU
		{9111AFDD-A9C0-4D15-9FD4-57E16B8978F3}.Debug|Any CPU.Build.0 = Debug|Any CPU
		{9111AFDD-A9C0-4D15-9FD4-57E16B8978F3}.Release|Any CPU.ActiveCfg = Release|Any CPU
		{9111AFDD-A9C0-4D15-9FD4-57E16B8978F3}.Release|Any CPU.Build.0 = Release|Any CPU
		{5D6A570A-8C0D-41EA-B5A4-EFDA881ECC80}.Debug|Any CPU.ActiveCfg = Debug|Any CPU
		{5D6A570A-8C0D-41EA-B5A4-EFDA881ECC80}.Debug|Any CPU.Build.0 = Debug|Any CPU
		{5D6A570A-8C0D-41EA-B5A4-EFDA881ECC80}.Release|Any CPU.ActiveCfg = Release|Any CPU
		{5D6A570A-8C0D-41EA-B5A4-EFDA881ECC80}.Release|Any CPU.Build.0 = Release|Any CPU
		{9B5EF02B-ECAA-451A-BCAE-DF4E100C03DA}.Debug|Any CPU.ActiveCfg = Debug|Any CPU
		{9B5EF02B-ECAA-451A-BCAE-DF4E100C03DA}.Debug|Any CPU.Build.0 = Debug|Any CPU
		{9B5EF02B-ECAA-451A-BCAE-DF4E100C03DA}.Release|Any CPU.ActiveCfg = Release|Any CPU
		{9B5EF02B-ECAA-451A-BCAE-DF4E100C03DA}.Release|Any CPU.Build.0 = Release|Any CPU
		{8D9450DF-9980-447F-928E-8C959AD5260C}.Debug|Any CPU.ActiveCfg = Debug|Any CPU
		{8D9450DF-9980-447F-928E-8C959AD5260C}.Debug|Any CPU.Build.0 = Debug|Any CPU
		{8D9450DF-9980-447F-928E-8C959AD5260C}.Release|Any CPU.ActiveCfg = Release|Any CPU
		{8D9450DF-9980-447F-928E-8C959AD5260C}.Release|Any CPU.Build.0 = Release|Any CPU
		{22B3F050-7B9A-4703-883A-E43FBA12940D}.Debug|Any CPU.ActiveCfg = Debug|Any CPU
		{22B3F050-7B9A-4703-883A-E43FBA12940D}.Debug|Any CPU.Build.0 = Debug|Any CPU
		{22B3F050-7B9A-4703-883A-E43FBA12940D}.Release|Any CPU.ActiveCfg = Release|Any CPU
		{22B3F050-7B9A-4703-883A-E43FBA12940D}.Release|Any CPU.Build.0 = Release|Any CPU
		{F2793749-29E6-491A-AA79-DCC02F3C0C93}.Debug|Any CPU.ActiveCfg = Debug|Any CPU
		{F2793749-29E6-491A-AA79-DCC02F3C0C93}.Debug|Any CPU.Build.0 = Debug|Any CPU
		{F2793749-29E6-491A-AA79-DCC02F3C0C93}.Release|Any CPU.ActiveCfg = Release|Any CPU
		{F2793749-29E6-491A-AA79-DCC02F3C0C93}.Release|Any CPU.Build.0 = Release|Any CPU
		{0153ECCF-8006-488B-937A-AA1A72BBA034}.Debug|Any CPU.ActiveCfg = Debug|Any CPU
		{0153ECCF-8006-488B-937A-AA1A72BBA034}.Debug|Any CPU.Build.0 = Debug|Any CPU
		{0153ECCF-8006-488B-937A-AA1A72BBA034}.Release|Any CPU.ActiveCfg = Release|Any CPU
		{0153ECCF-8006-488B-937A-AA1A72BBA034}.Release|Any CPU.Build.0 = Release|Any CPU
		{ABFCF72A-6C69-4C76-960D-CD6A58785291}.Debug|Any CPU.ActiveCfg = Debug|Any CPU
		{ABFCF72A-6C69-4C76-960D-CD6A58785291}.Debug|Any CPU.Build.0 = Debug|Any CPU
		{ABFCF72A-6C69-4C76-960D-CD6A58785291}.Release|Any CPU.ActiveCfg = Release|Any CPU
		{ABFCF72A-6C69-4C76-960D-CD6A58785291}.Release|Any CPU.Build.0 = Release|Any CPU
		{6445C4A5-FACB-4FB0-8DF0-F858BB426B69}.Debug|Any CPU.ActiveCfg = Debug|Any CPU
		{6445C4A5-FACB-4FB0-8DF0-F858BB426B69}.Debug|Any CPU.Build.0 = Debug|Any CPU
		{6445C4A5-FACB-4FB0-8DF0-F858BB426B69}.Release|Any CPU.ActiveCfg = Release|Any CPU
		{6445C4A5-FACB-4FB0-8DF0-F858BB426B69}.Release|Any CPU.Build.0 = Release|Any CPU
		{492038B6-7C17-4F75-B894-E31A8A3ADC85}.Debug|Any CPU.ActiveCfg = Debug|Any CPU
		{492038B6-7C17-4F75-B894-E31A8A3ADC85}.Debug|Any CPU.Build.0 = Debug|Any CPU
		{492038B6-7C17-4F75-B894-E31A8A3ADC85}.Release|Any CPU.ActiveCfg = Release|Any CPU
		{492038B6-7C17-4F75-B894-E31A8A3ADC85}.Release|Any CPU.Build.0 = Release|Any CPU
		{25E2CFDD-479B-46FF-8C79-4961BB0EC972}.Debug|Any CPU.ActiveCfg = Debug|Any CPU
		{25E2CFDD-479B-46FF-8C79-4961BB0EC972}.Debug|Any CPU.Build.0 = Debug|Any CPU
		{25E2CFDD-479B-46FF-8C79-4961BB0EC972}.Release|Any CPU.ActiveCfg = Release|Any CPU
		{25E2CFDD-479B-46FF-8C79-4961BB0EC972}.Release|Any CPU.Build.0 = Release|Any CPU
		{DD132741-C07B-4990-8BD2-57B883272CA4}.Debug|Any CPU.ActiveCfg = Debug|Any CPU
		{DD132741-C07B-4990-8BD2-57B883272CA4}.Debug|Any CPU.Build.0 = Debug|Any CPU
		{DD132741-C07B-4990-8BD2-57B883272CA4}.Release|Any CPU.ActiveCfg = Release|Any CPU
		{DD132741-C07B-4990-8BD2-57B883272CA4}.Release|Any CPU.Build.0 = Release|Any CPU
		{FA56F818-54CA-4D40-98F5-23B01F0213B2}.Debug|Any CPU.ActiveCfg = Debug|Any CPU
		{FA56F818-54CA-4D40-98F5-23B01F0213B2}.Debug|Any CPU.Build.0 = Debug|Any CPU
		{FA56F818-54CA-4D40-98F5-23B01F0213B2}.Release|Any CPU.ActiveCfg = Release|Any CPU
		{FA56F818-54CA-4D40-98F5-23B01F0213B2}.Release|Any CPU.Build.0 = Release|Any CPU
		{80136FB0-8A9C-4011-B99B-F84F060F6DF6}.Debug|Any CPU.ActiveCfg = Debug|Any CPU
		{80136FB0-8A9C-4011-B99B-F84F060F6DF6}.Debug|Any CPU.Build.0 = Debug|Any CPU
		{80136FB0-8A9C-4011-B99B-F84F060F6DF6}.Release|Any CPU.ActiveCfg = Release|Any CPU
		{80136FB0-8A9C-4011-B99B-F84F060F6DF6}.Release|Any CPU.Build.0 = Release|Any CPU
		{D9CA431C-F788-430C-8587-F8A09DD69886}.Debug|Any CPU.ActiveCfg = Debug|Any CPU
		{D9CA431C-F788-430C-8587-F8A09DD69886}.Debug|Any CPU.Build.0 = Debug|Any CPU
		{D9CA431C-F788-430C-8587-F8A09DD69886}.Release|Any CPU.ActiveCfg = Release|Any CPU
		{D9CA431C-F788-430C-8587-F8A09DD69886}.Release|Any CPU.Build.0 = Release|Any CPU
		{27557CEA-1DD9-48B9-8854-EE5BF973B831}.Debug|Any CPU.ActiveCfg = Debug|Any CPU
		{27557CEA-1DD9-48B9-8854-EE5BF973B831}.Debug|Any CPU.Build.0 = Debug|Any CPU
		{27557CEA-1DD9-48B9-8854-EE5BF973B831}.Release|Any CPU.ActiveCfg = Release|Any CPU
		{27557CEA-1DD9-48B9-8854-EE5BF973B831}.Release|Any CPU.Build.0 = Release|Any CPU
		{509ED654-B82D-485B-BA84-084CB717D5C8}.Debug|Any CPU.ActiveCfg = Debug|Any CPU
		{509ED654-B82D-485B-BA84-084CB717D5C8}.Debug|Any CPU.Build.0 = Debug|Any CPU
		{509ED654-B82D-485B-BA84-084CB717D5C8}.Release|Any CPU.ActiveCfg = Release|Any CPU
		{509ED654-B82D-485B-BA84-084CB717D5C8}.Release|Any CPU.Build.0 = Release|Any CPU
		{920F657E-C36E-4BB9-B852-F4312A0D7C77}.Debug|Any CPU.ActiveCfg = Debug|Any CPU
		{920F657E-C36E-4BB9-B852-F4312A0D7C77}.Debug|Any CPU.Build.0 = Debug|Any CPU
		{920F657E-C36E-4BB9-B852-F4312A0D7C77}.Release|Any CPU.ActiveCfg = Release|Any CPU
		{920F657E-C36E-4BB9-B852-F4312A0D7C77}.Release|Any CPU.Build.0 = Release|Any CPU
		{4F8EDB81-757D-473F-93A4-2F837439DD45}.Debug|Any CPU.ActiveCfg = Debug|Any CPU
		{4F8EDB81-757D-473F-93A4-2F837439DD45}.Debug|Any CPU.Build.0 = Debug|Any CPU
		{4F8EDB81-757D-473F-93A4-2F837439DD45}.Release|Any CPU.ActiveCfg = Release|Any CPU
		{4F8EDB81-757D-473F-93A4-2F837439DD45}.Release|Any CPU.Build.0 = Release|Any CPU
	EndGlobalSection
	GlobalSection(SolutionProperties) = preSolution
		HideSolutionNode = FALSE
	EndGlobalSection
	GlobalSection(NestedProjects) = preSolution
		{4528E0CB-76DC-4658-891C-42969C8B3118} = {B19E9AFB-70C6-4522-905D-3A95FBD45E59}
		{2B4918EA-280C-456C-9A26-4FBCEFDAA51D} = {4528E0CB-76DC-4658-891C-42969C8B3118}
		{0FEAE460-1C3B-42A6-8A75-1B3B9ED14B78} = {525AF9DF-1D02-4863-BC65-9934C55053F5}
		{190412FB-CDD3-448D-AF0C-10E8F6DDA1D7} = {525AF9DF-1D02-4863-BC65-9934C55053F5}
		{9AB1865F-C55D-437A-A1BD-318BA4E1AEFE} = {190412FB-CDD3-448D-AF0C-10E8F6DDA1D7}
		{5EC78E9E-D44A-4E20-882B-E75715A2640C} = {190412FB-CDD3-448D-AF0C-10E8F6DDA1D7}
		{68564CAF-F199-4FB8-B34C-252637CC2E06} = {190412FB-CDD3-448D-AF0C-10E8F6DDA1D7}
		{5D6A570A-8C0D-41EA-B5A4-EFDA881ECC80} = {0FEAE460-1C3B-42A6-8A75-1B3B9ED14B78}
		{9B5EF02B-ECAA-451A-BCAE-DF4E100C03DA} = {0FEAE460-1C3B-42A6-8A75-1B3B9ED14B78}
		{8D9450DF-9980-447F-928E-8C959AD5260C} = {0FEAE460-1C3B-42A6-8A75-1B3B9ED14B78}
		{22B3F050-7B9A-4703-883A-E43FBA12940D} = {0FEAE460-1C3B-42A6-8A75-1B3B9ED14B78}
		{F2793749-29E6-491A-AA79-DCC02F3C0C93} = {0FEAE460-1C3B-42A6-8A75-1B3B9ED14B78}
		{0153ECCF-8006-488B-937A-AA1A72BBA034} = {0FEAE460-1C3B-42A6-8A75-1B3B9ED14B78}
		{ABFCF72A-6C69-4C76-960D-CD6A58785291} = {0FEAE460-1C3B-42A6-8A75-1B3B9ED14B78}
		{6445C4A5-FACB-4FB0-8DF0-F858BB426B69} = {0FEAE460-1C3B-42A6-8A75-1B3B9ED14B78}
		{492038B6-7C17-4F75-B894-E31A8A3ADC85} = {0FEAE460-1C3B-42A6-8A75-1B3B9ED14B78}
		{25E2CFDD-479B-46FF-8C79-4961BB0EC972} = {0FEAE460-1C3B-42A6-8A75-1B3B9ED14B78}
		{DD132741-C07B-4990-8BD2-57B883272CA4} = {0FEAE460-1C3B-42A6-8A75-1B3B9ED14B78}
		{FA56F818-54CA-4D40-98F5-23B01F0213B2} = {190412FB-CDD3-448D-AF0C-10E8F6DDA1D7}
		{80136FB0-8A9C-4011-B99B-F84F060F6DF6} = {9AB1865F-C55D-437A-A1BD-318BA4E1AEFE}
		{D9CA431C-F788-430C-8587-F8A09DD69886} = {9AB1865F-C55D-437A-A1BD-318BA4E1AEFE}
		{27557CEA-1DD9-48B9-8854-EE5BF973B831} = {9AB1865F-C55D-437A-A1BD-318BA4E1AEFE}
		{509ED654-B82D-485B-BA84-084CB717D5C8} = {9AB1865F-C55D-437A-A1BD-318BA4E1AEFE}
		{920F657E-C36E-4BB9-B852-F4312A0D7C77} = {5EC78E9E-D44A-4E20-882B-E75715A2640C}
		{4F8EDB81-757D-473F-93A4-2F837439DD45} = {68564CAF-F199-4FB8-B34C-252637CC2E06}
	EndGlobalSection
	GlobalSection(ExtensibilityGlobals) = postSolution
		SolutionGuid = {3219412B-B648-43B4-B340-D5189D8D3B1E}
	EndGlobalSection
EndGlobal
